{
  "version": 4,
  "terraform_version": "0.14.6",
  "serial": 20,
  "lineage": "97d42f34-93e5-e9a1-7518-a33a615a20cf",
  "outputs": {},
  "resources": [
    {
      "module": "module.n_interfaceOne",
      "mode": "managed",
      "type": "azurerm_network_interface",
      "name": "myterraformnic",
      "provider": "provider[\"registry.terraform.io/hashicorp/azurerm\"]",
      "instances": [
        {
          "schema_version": 0,
          "attributes": {
            "applied_dns_servers": [],
            "dns_servers": [],
            "enable_accelerated_networking": false,
            "enable_ip_forwarding": false,
            "id": "/subscriptions/4bdabf74-b427-4ba2-a342-88d6f936f614/resourceGroups/terraform-resources/providers/Microsoft.Network/networkInterfaces/myPublicIP",
            "internal_dns_name_label": "",
            "ip_configuration": [
              {
                "name": "myPublicIP",
                "primary": true,
                "private_ip_address": "172.16.0.4",
                "private_ip_address_allocation": "Dynamic",
                "private_ip_address_version": "IPv4",
                "public_ip_address_id": "/subscriptions/4bdabf74-b427-4ba2-a342-88d6f936f614/resourceGroups/terraform-resources/providers/Microsoft.Network/publicIPAddresses/myPublicIP",
                "subnet_id": "/subscriptions/4bdabf74-b427-4ba2-a342-88d6f936f614/resourceGroups/terraform-resources/providers/Microsoft.Network/virtualNetworks/vnet-one/subnets/subnet-1"
              }
            ],
            "location": "northeurope",
            "mac_address": "00-0D-3A-DD-50-62",
            "name": "myPublicIP",
            "private_ip_address": "172.16.0.4",
            "private_ip_addresses": [
              "172.16.0.4"
            ],
            "resource_group_name": "terraform-resources",
            "tags": {
              "owner": "Aime",
              "profession": "IT Engineer"
            },
            "timeouts": null,
            "virtual_machine_id": "/subscriptions/4bdabf74-b427-4ba2-a342-88d6f936f614/resourceGroups/terraform-resources/providers/Microsoft.Compute/virtualMachines/myvm"
          },
          "sensitive_attributes": [],
          "private": "eyJlMmJmYjczMC1lY2FhLTExZTYtOGY4OC0zNDM2M2JjN2M0YzAiOnsiY3JlYXRlIjoxODAwMDAwMDAwMDAwLCJkZWxldGUiOjE4MDAwMDAwMDAwMDAsInJlYWQiOjMwMDAwMDAwMDAwMCwidXBkYXRlIjoxODAwMDAwMDAwMDAwfX0=",
          "dependencies": [
            "module.publicip.azurerm_public_ip.myterraformpublicip",
            "module.resourceG.azurerm_resource_group.rg",
            "module.subnetOne.azurerm_subnet.myterraformsubnet"
          ]
        }
      ]
    },
    {
      "module": "module.publicip",
      "mode": "managed",
      "type": "azurerm_public_ip",
      "name": "myterraformpublicip",
      "provider": "provider[\"registry.terraform.io/hashicorp/azurerm\"]",
      "instances": [
        {
          "schema_version": 0,
          "attributes": {
            "allocation_method": "Dynamic",
            "domain_name_label": null,
            "fqdn": null,
            "id": "/subscriptions/4bdabf74-b427-4ba2-a342-88d6f936f614/resourceGroups/terraform-resources/providers/Microsoft.Network/publicIPAddresses/myPublicIP",
            "idle_timeout_in_minutes": 4,
            "ip_address": "137.135.185.25",
            "ip_version": "IPv4",
            "location": "northeurope",
            "name": "myPublicIP",
            "public_ip_prefix_id": null,
            "resource_group_name": "terraform-resources",
            "reverse_fqdn": null,
            "sku": "Basic",
            "tags": {
              "owner": "Aime",
              "profession": "IT Engineer"
            },
            "timeouts": null,
            "zones": []
          },
          "sensitive_attributes": [],
          "private": "eyJlMmJmYjczMC1lY2FhLTExZTYtOGY4OC0zNDM2M2JjN2M0YzAiOnsiY3JlYXRlIjoxODAwMDAwMDAwMDAwLCJkZWxldGUiOjE4MDAwMDAwMDAwMDAsInJlYWQiOjMwMDAwMDAwMDAwMCwidXBkYXRlIjoxODAwMDAwMDAwMDAwfX0=",
          "dependencies": [
            "module.resourceG.azurerm_resource_group.rg"
          ]
        }
      ]
    },
    {
      "module": "module.resourceG",
      "mode": "managed",
      "type": "azurerm_resource_group",
      "name": "rg",
      "provider": "provider[\"registry.terraform.io/hashicorp/azurerm\"]",
      "instances": [
        {
          "schema_version": 0,
          "attributes": {
            "id": "/subscriptions/4bdabf74-b427-4ba2-a342-88d6f936f614/resourceGroups/terraform-resources",
            "location": "northeurope",
            "name": "terraform-resources",
            "tags": {
              "owner": "Aime",
              "profession": "IT Engineer"
            },
            "timeouts": null
          },
          "sensitive_attributes": [],
          "private": "eyJlMmJmYjczMC1lY2FhLTExZTYtOGY4OC0zNDM2M2JjN2M0YzAiOnsiY3JlYXRlIjo1NDAwMDAwMDAwMDAwLCJkZWxldGUiOjU0MDAwMDAwMDAwMDAsInJlYWQiOjMwMDAwMDAwMDAwMCwidXBkYXRlIjo1NDAwMDAwMDAwMDAwfX0="
        }
      ]
    },
    {
      "module": "module.subnetOne",
      "mode": "managed",
      "type": "azurerm_subnet",
      "name": "myterraformsubnet",
      "provider": "provider[\"registry.terraform.io/hashicorp/azurerm\"]",
      "instances": [
        {
          "index_key": 0,
          "schema_version": 0,
          "attributes": {
            "address_prefix": "172.16.0.0/24",
            "delegation": [],
            "enforce_private_link_endpoint_network_policies": false,
            "enforce_private_link_service_network_policies": false,
            "id": "/subscriptions/4bdabf74-b427-4ba2-a342-88d6f936f614/resourceGroups/terraform-resources/providers/Microsoft.Network/virtualNetworks/vnet-one/subnets/subnet-1",
            "name": "subnet-1",
            "resource_group_name": "terraform-resources",
            "service_endpoints": [],
            "timeouts": null,
            "virtual_network_name": "vnet-one"
          },
          "sensitive_attributes": [],
          "private": "eyJlMmJmYjczMC1lY2FhLTExZTYtOGY4OC0zNDM2M2JjN2M0YzAiOnsiY3JlYXRlIjoxODAwMDAwMDAwMDAwLCJkZWxldGUiOjE4MDAwMDAwMDAwMDAsInJlYWQiOjMwMDAwMDAwMDAwMCwidXBkYXRlIjoxODAwMDAwMDAwMDAwfX0=",
          "dependencies": [
            "module.resourceG.azurerm_resource_group.rg"
          ]
        },
        {
          "index_key": 1,
          "schema_version": 0,
          "attributes": {
            "address_prefix": "172.16.1.0/24",
            "delegation": [],
            "enforce_private_link_endpoint_network_policies": false,
            "enforce_private_link_service_network_policies": false,
            "id": "/subscriptions/4bdabf74-b427-4ba2-a342-88d6f936f614/resourceGroups/terraform-resources/providers/Microsoft.Network/virtualNetworks/vnet-one/subnets/subnet-2",
            "name": "subnet-2",
            "resource_group_name": "terraform-resources",
            "service_endpoints": [],
            "timeouts": null,
            "virtual_network_name": "vnet-one"
          },
          "sensitive_attributes": [],
          "private": "eyJlMmJmYjczMC1lY2FhLTExZTYtOGY4OC0zNDM2M2JjN2M0YzAiOnsiY3JlYXRlIjoxODAwMDAwMDAwMDAwLCJkZWxldGUiOjE4MDAwMDAwMDAwMDAsInJlYWQiOjMwMDAwMDAwMDAwMCwidXBkYXRlIjoxODAwMDAwMDAwMDAwfX0=",
          "dependencies": [
            "module.resourceG.azurerm_resource_group.rg"
          ]
        }
      ]
    },
    {
      "module": "module.vmOne",
      "mode": "managed",
      "type": "azurerm_linux_virtual_machine",
      "name": "myterraformvm",
      "provider": "provider[\"registry.terraform.io/hashicorp/azurerm\"]",
      "instances": [
        {
          "index_key": 0,
          "schema_version": 0,
          "attributes": {
            "additional_capabilities": [],
            "admin_password": null,
            "admin_ssh_key": [
              {
                "public_key": "ssh-rsa AAAAB3NzaC1yc2EAAAADAQABAAACAQC1RSXOdf0JEjuuPjS4DvPB2LYKiHzkVSa+Zt37f9U3E8G+VkYpvPWi7F20Ujz6YAKRDXBSYWDN5O1xavUs9tPSLIJrnwP92RilbjADGQDR06ysE87Cb+uDE3R0j49mVJMsfz5mWaDK2YZ01vruMbgw16LpgVzcAf5XcSL4q+K6mJiDyNUgF4EwMgRr5Twhg9KHO9hyh7+LLcKxhU+2PuWhVQsaKyVQHPXpZXWbI5Y9oLkcJV/nL/LLhqdeZc4LQnzmJyVwN37u5i/rjiFKeMJ+oWmlHGv8PfiX9BrPwlNHJns8OxHmOEQ2UpqhWFB7h3B5M7gh8heF6rNt6y5o30tGu9rjQ80IRm0tjo7Re7kC81K5iWsx2qsbmvlGNFAsYR/u9K0C9Y2ShCVbMXaF5BG0A/WXubwEyKSVosPC3ee6JM2uPBoAy7o/N8jE1RbkqXScfvU935eM/D5AIdANU9/Sv/bJAZgZIWAX5Tl2OrYKeHyqSSX1Y56rTqizw9zyNzXOXp7Nmysyru/49UPO/WBYJzpVG9pfCUrYhdNSUSSMSkTObMRN42c0nJSGZKMuRwz1SR2ny6ZdD0Pwhc4NAk31cJ8LL9L7IWe8KPLyUsw6KCpxaPn77Cl1TutlxvqTsOZSzj3mbX9HjDX+iZSsKpjL5oay9baZ9nd9rGhTLa/tgQ==\n",
                "username": "azureuser"
              }
            ],
            "admin_username": "azureuser",
            "allow_extension_operations": true,
            "availability_set_id": "",
            "boot_diagnostics": [],
            "computer_name": "hostname",
            "custom_data": null,
            "dedicated_host_id": "",
            "disable_password_authentication": true,
            "eviction_policy": "",
            "id": "/subscriptions/4bdabf74-b427-4ba2-a342-88d6f936f614/resourceGroups/terraform-resources/providers/Microsoft.Compute/virtualMachines/myvm-1",
            "identity": [],
            "location": "northeurope",
            "max_bid_price": -1,
            "name": "myvm-1",
            "network_interface_ids": [
              "/subscriptions/4bdabf74-b427-4ba2-a342-88d6f936f614/resourceGroups/terraform-resources/providers/Microsoft.Network/networkInterfaces/myPublicIP"
            ],
            "os_disk": [
              {
                "caching": "ReadWrite",
                "diff_disk_settings": [],
                "disk_encryption_set_id": "",
                "disk_size_gb": 30,
                "name": "myOsDisk",
                "storage_account_type": "Premium_LRS",
                "write_accelerator_enabled": false
              }
            ],
            "plan": [],
            "priority": "Regular",
            "private_ip_address": "172.16.0.4",
            "private_ip_addresses": [
              "172.16.0.4"
            ],
            "provision_vm_agent": true,
            "proximity_placement_group_id": "",
            "public_ip_address": "13.74.217.61",
            "public_ip_addresses": [
              "13.74.217.61"
            ],
            "resource_group_name": "terraform-resources",
            "secret": [],
            "size": "Standard_DS1_v2",
            "source_image_id": "",
            "source_image_reference": [
              {
                "offer": "UbuntuServer",
                "publisher": "Canonical",
                "sku": "18.04-LTS",
                "version": "latest"
              }
            ],
            "tags": {
              "owner": "Aime",
              "profession": "IT Engineer"
            },
            "timeouts": null,
            "virtual_machine_id": "3b78bace-6a82-4b81-a9dd-68e3eec9eaa6",
            "zone": ""
          },
          "sensitive_attributes": [],
          "private": "eyJlMmJmYjczMC1lY2FhLTExZTYtOGY4OC0zNDM2M2JjN2M0YzAiOnsiY3JlYXRlIjoyNzAwMDAwMDAwMDAwLCJkZWxldGUiOjI3MDAwMDAwMDAwMDAsInJlYWQiOjMwMDAwMDAwMDAwMCwidXBkYXRlIjoyNzAwMDAwMDAwMDAwfX0=",
          "dependencies": [
            "module.n_interfaceOne.azurerm_network_interface.myterraformnic",
            "module.resourceG.azurerm_resource_group.rg",
            "module.vmOne.tls_private_key.example_ssh"
          ]
        }
      ]
    },
    {
      "module": "module.vmOne",
      "mode": "managed",
      "type": "tls_private_key",
      "name": "example_ssh",
      "provider": "provider[\"registry.terraform.io/hashicorp/tls\"]",
      "instances": [
        {
          "schema_version": 0,
          "attributes": {
            "algorithm": "RSA",
            "ecdsa_curve": "P224",
            "id": "34412962d9949796c8ec2d873c35b0dac467e1ec",
            "private_key_pem": "-----BEGIN RSA PRIVATE KEY-----\nMIIJKQIBAAKCAgEAtUUlznX9CRI7rj40uA7zwdi2Coh85FUmvmbd+3/VNxPBvlZG\nKbz1ouxdtFI8+mACkQ1wUmFgzeTtcWr1LPbT0iyCa58D/dkYpW4wAxkA0dOsrBPO\nwm/rgxN0dI+PZlSTLH8+ZlmgytmGdNb67jG4MNei6YFc3AH+V3Ei+KviupiYg8jV\nIBeBMDIEa+U8IYPShzvYcoe/iy3CsYVPtj7loVULGislUBz16WV1myOWPaC5HCVf\n5y/yy4anXmXOC0J85iclcDd+7uYv644hSnjCfqFppRxr/D34l/Qaz8JTRyZ7PDsR\n5jhENlKaoVhQe4dweTO4IfIXheqzbesuaN9LRrva40PNCEZtLY6O0Xu5AvNSuYlr\nMdqrG5r5RjRQLGEf7vStAvWNkoQlWzF2heQRtAP1l7m8BMiklaLDwt3nuiTNrjwa\nAMu6PzfIxNUW5Kl0nH71Pd+XjPw+QCHQDVPf0r/2yQGYGSFgF+U5djq2Cnh8qkkl\n9WOeq06os8Pc8jc1zl6ezZsrMq7v+PVDzv1gWCc6VRvaXwlK2IXTUlEkjEpEzmzE\nTeNnNJyUhmSjLkcM9Ukdp8umXQ9D8IXODQJN9XCfCy/S+yFnvCjy8lLMOigqcWj5\n++wpdU7rZcb6k7DmUs495m1/R4w1/omUrCqYy+aGsvW2mfZ3faxoUy2v7YECAwEA\nAQKCAgEAj3UL+JtUCAvQA5PjcQ8URoNVfnyKKsJhCSqr31BJ027lU9c/a+TJmYjq\nl7zF2XiGT3mNPQUn8YqNh8cYBd/Jv3nONZIBPLLFWJcdlDYDegvFieGbLjIY9wE8\nlsrOuDOSzhJdte6U3DTOvkUtDbl3heACZD4m2U8SlO1KufZ+VyJRAWq9kMpJSXUs\nHp+quPN0d+Ya5HkeU+2BObDBZv/cB5QgVzNyMjbZPz82lfLSAi/ij63cekBuLDiC\n2KhFKpAR/Ktaa7bf0/2ESy2Olzt+4WypCSy3IUeCJ+/eEDJAafzAZuhwv/wjr8Ir\n8ijMeRa1IpaV0PehOjCGlCUd841UKm3AGlVMmtE1Z3F1vxyjOfJzb2FY/lfHol+t\nk52RX6P+plFGf9ClWs6aqJjRsZmazIxkzCfjObCyH6iQcXWDSRdih8dtVVlE3mmj\nrgz0NhMGHs/rYGYZ2Dpjei6znmttxEQRIUMbBR5bq5DK73IZrHBVIrfyqaL2iLMG\nalPidAX69z8k4XhTwAU9S3IJI7GUrt2vozeMq5Ka3LrP+tbFk/qDr8fD74xwm3jb\n0mZS8evE4FDqV0Clo9OzPZ3jzr5jTs+xMkmPyhWHGVJbXKKsDuVps17cnVPr1bnE\neloGOcF1tr/sYrui2DyuQ8RjuiCYBowafxKK5hq8ah/tELLc4eECggEBAMHge8hX\n7N83gR5jSguSGrbFMRZiGirVxmYjzP2m9efn/9Tx46vkNqXNyDnFhUpsJE1fjM7n\nds7g4dci4UOQ8wW+ipzytQgzbrRzgug0SKTbDkQOPd+sxymBxKp/04+wHO5/rnQK\npihyhDZXMA9z/tW4IkMz3PIk6+S9TPjtka1ppa+h0HVKiO77s86uKBR0Au1mRWmR\nKpbFjC8BPTjnXxLEfmclnrB0Cg3+tMGm4mp8JYoWX7ihluosio+31vDztlmNSKKL\nB8VyAqX5+845P8VvkndA6Of4FgGby5mQJUlWyUtP7awNowP2Ok1QoFZ1hd+vXI8G\nSDHdtNU35GIImNUCggEBAO9aixKCB0Qa7aA6nCqicn/o58F2piPVo1px5HFm5jr/\nFQBqCpxoyp49FSqjI/vCLamlzguyJPE5+N0SL/Gt3K11bsY6ydxLGlIGI2Otu2xb\n8qJEUIjiXEtykiPmP6KA6lsMccl7SMY+TqEKm7YJhJ88W387KsRMIfvYhTcp0T/+\nGmYYhIfoBow6/KCfypyiNvzFJBDHA0VJczSIeL6kcIzr+IDMipLU9ahiGGzVTWXl\nNA1vbQ7q42rbyYA2ggdaM3dgaDQNJbUsaLml2+dlLQ8k7WnIBNkWdsxgiAz5j4Fq\nwStVVXq51ZOeYjAB/iowDTcPCX8NTn4ORmLEg3J+1/0CggEBAIxFFknFE6QMTGbn\n/1KPyrQhx3oiUDxdnsWXcWCzw4ad3AL9X3OmEcO0NwFVXzKRO1KfpwirftH+8mbs\n3X49CRdG3JLhJwlf7OCyEixeZ5CezJuAklOadh4ZvWh+Q1raWJRV3Kooaj8pW27V\ndfg4PE/0gRWOGHU5MVK1g1M2zwdgQHfp4yB5ZMlDYrxOVME3jkakj+PpG58qHlqD\n0v+wpqC1eZ63ITEZQ40Mk0roqzfPynk15tt2TfHvd/CzWdfK/EueZMb1QBIigrgD\nPaPe17zJFHcjh18Npx5S0eOw3slI+Sp8EcFBvIfJRjVZ+CeVr94+ygDQ0rsBZSw+\n3AXxomECggEAf6ihCCwFyBM8rfrUlAC0ZPhJs2uezPoC+BhKqRkirlCiWOg15JoX\nhzI4+datOHemdxcRwDcxcN9kljQ/Ef2S94jsnhl41F/SF/FiKqXckryvulAJTBi+\n9RaUT0Vcp0VuuUT342g3tlRBB69qwTpuW6eLfV6HPs8ESRiAZJ2PFzxlxBJLjVj5\nNQ2488qF++igv0w+Ihyi5+923Iv1Kmj2BpNMpRVyy0F+DGLVeCaD81a93nSRjCVH\nShUTcaigzV8UmBT5PtnMRMb8zBdkJBRYZf1iCss9mrNahULvDUyFd5cClCQdRSmc\nefE9mTFW6BVc1wLUI8lrFdxzOfZpzUVN2QKCAQB/YJunFbdPlkrkwpZFbIrjr/jD\n/JEs4aQ0IMJkaF9owDt0rpmSAk/1Cdf7sRz3Ul/psiRFRf/NtBtlshCXmHK2s5Kx\nfW4kwMbzJ0t1zLjCy4/0T81ixw5IISWg3YirRvDxBUYPZLqFWR7tF6t4TiNiIM6P\nIbu9nzqo9/rmPuX0bCSRrlh85lZNt/kkldcSMzZUdIJHKMfJle2SMse2bHlzEL52\nXkEvm4JgwelDFg9XleJQxIqkHSD9S9I8+mL0pLZIqIH6ZBRyUHJw+pDTBw3/rH/P\nAaF7ZVceq9aNncAIvfJnXofCuZ253++vuVyTwPkWX5SwgFU3ccUl8djxztif\n-----END RSA PRIVATE KEY-----\n",
            "public_key_fingerprint_md5": "a2:03:53:b7:43:e8:9c:ed:42:95:8b:b7:4f:37:10:48",
            "public_key_openssh": "ssh-rsa AAAAB3NzaC1yc2EAAAADAQABAAACAQC1RSXOdf0JEjuuPjS4DvPB2LYKiHzkVSa+Zt37f9U3E8G+VkYpvPWi7F20Ujz6YAKRDXBSYWDN5O1xavUs9tPSLIJrnwP92RilbjADGQDR06ysE87Cb+uDE3R0j49mVJMsfz5mWaDK2YZ01vruMbgw16LpgVzcAf5XcSL4q+K6mJiDyNUgF4EwMgRr5Twhg9KHO9hyh7+LLcKxhU+2PuWhVQsaKyVQHPXpZXWbI5Y9oLkcJV/nL/LLhqdeZc4LQnzmJyVwN37u5i/rjiFKeMJ+oWmlHGv8PfiX9BrPwlNHJns8OxHmOEQ2UpqhWFB7h3B5M7gh8heF6rNt6y5o30tGu9rjQ80IRm0tjo7Re7kC81K5iWsx2qsbmvlGNFAsYR/u9K0C9Y2ShCVbMXaF5BG0A/WXubwEyKSVosPC3ee6JM2uPBoAy7o/N8jE1RbkqXScfvU935eM/D5AIdANU9/Sv/bJAZgZIWAX5Tl2OrYKeHyqSSX1Y56rTqizw9zyNzXOXp7Nmysyru/49UPO/WBYJzpVG9pfCUrYhdNSUSSMSkTObMRN42c0nJSGZKMuRwz1SR2ny6ZdD0Pwhc4NAk31cJ8LL9L7IWe8KPLyUsw6KCpxaPn77Cl1TutlxvqTsOZSzj3mbX9HjDX+iZSsKpjL5oay9baZ9nd9rGhTLa/tgQ==\n",
            "public_key_pem": "-----BEGIN PUBLIC KEY-----\nMIICIjANBgkqhkiG9w0BAQEFAAOCAg8AMIICCgKCAgEAtUUlznX9CRI7rj40uA7z\nwdi2Coh85FUmvmbd+3/VNxPBvlZGKbz1ouxdtFI8+mACkQ1wUmFgzeTtcWr1LPbT\n0iyCa58D/dkYpW4wAxkA0dOsrBPOwm/rgxN0dI+PZlSTLH8+ZlmgytmGdNb67jG4\nMNei6YFc3AH+V3Ei+KviupiYg8jVIBeBMDIEa+U8IYPShzvYcoe/iy3CsYVPtj7l\noVULGislUBz16WV1myOWPaC5HCVf5y/yy4anXmXOC0J85iclcDd+7uYv644hSnjC\nfqFppRxr/D34l/Qaz8JTRyZ7PDsR5jhENlKaoVhQe4dweTO4IfIXheqzbesuaN9L\nRrva40PNCEZtLY6O0Xu5AvNSuYlrMdqrG5r5RjRQLGEf7vStAvWNkoQlWzF2heQR\ntAP1l7m8BMiklaLDwt3nuiTNrjwaAMu6PzfIxNUW5Kl0nH71Pd+XjPw+QCHQDVPf\n0r/2yQGYGSFgF+U5djq2Cnh8qkkl9WOeq06os8Pc8jc1zl6ezZsrMq7v+PVDzv1g\nWCc6VRvaXwlK2IXTUlEkjEpEzmzETeNnNJyUhmSjLkcM9Ukdp8umXQ9D8IXODQJN\n9XCfCy/S+yFnvCjy8lLMOigqcWj5++wpdU7rZcb6k7DmUs495m1/R4w1/omUrCqY\ny+aGsvW2mfZ3faxoUy2v7YECAwEAAQ==\n-----END PUBLIC KEY-----\n",
            "rsa_bits": 4096
          },
          "sensitive_attributes": [],
          "private": "bnVsbA=="
        }
      ]
    },
    {
      "module": "module.vnetOne",
      "mode": "managed",
      "type": "azurerm_virtual_network",
      "name": "myterraformnetwork",
      "provider": "provider[\"registry.terraform.io/hashicorp/azurerm\"]",
      "instances": [
        {
          "schema_version": 0,
          "attributes": {
            "address_space": [
              "192.168.0.0/16",
              "172.16.0.0/16"
            ],
            "ddos_protection_plan": [],
            "dns_servers": [],
            "id": "/subscriptions/4bdabf74-b427-4ba2-a342-88d6f936f614/resourceGroups/terraform-resources/providers/Microsoft.Network/virtualNetworks/vnet-one",
            "location": "northeurope",
            "name": "vnet-one",
            "resource_group_name": "terraform-resources",
            "subnet": [
              {
                "address_prefix": "172.16.0.0/24",
                "id": "/subscriptions/4bdabf74-b427-4ba2-a342-88d6f936f614/resourceGroups/terraform-resources/providers/Microsoft.Network/virtualNetworks/vnet-one/subnets/subnet-1",
                "name": "subnet-1",
                "security_group": ""
              },
              {
                "address_prefix": "172.16.1.0/24",
                "id": "/subscriptions/4bdabf74-b427-4ba2-a342-88d6f936f614/resourceGroups/terraform-resources/providers/Microsoft.Network/virtualNetworks/vnet-one/subnets/subnet-2",
                "name": "subnet-2",
                "security_group": ""
              }
            ],
            "tags": {
              "owner": "Aime",
              "profession": "IT Engineer"
            },
            "timeouts": null
          },
          "sensitive_attributes": [],
          "private": "eyJlMmJmYjczMC1lY2FhLTExZTYtOGY4OC0zNDM2M2JjN2M0YzAiOnsiY3JlYXRlIjoxODAwMDAwMDAwMDAwLCJkZWxldGUiOjE4MDAwMDAwMDAwMDAsInJlYWQiOjMwMDAwMDAwMDAwMCwidXBkYXRlIjoxODAwMDAwMDAwMDAwfX0=",
          "dependencies": [
            "module.resourceG.azurerm_resource_group.rg"
          ]
        }
      ]
    }
  ]
}
